# This file is automatically @generated by Cargo.
# It is not intended for manual editing.
version = 4

[[package]]
name = "ghf_studios_examples_basic_engine"
version = "0.5.0"

[[package]]
name = "ghf_studios_examples_basic_game"
version = "0.5.0"

[[package]]
name = "ghf_studios_examples_basic_packagepack"
version = "0.5.0"
